{
  "name": "uselibrarynpm",
  "version": "1.0.0",
  "lockfileVersion": 3,
  "requires": true,
  "packages": {
    "": {
      "name": "uselibrarynpm",
      "version": "1.0.0",
      "license": "ISC",
      "dependencies": {
        "prueba-libreria-npm": "^1.0.1"
      }
    },
    "node_modules/prueba-libreria-npm": {
      "version": "1.0.1",
      "resolved": "https://registry.npmjs.org/prueba-libreria-npm/-/prueba-libreria-npm-1.0.1.tgz",
      "integrity": "sha512-CqZSlSeObRG4gZSGG5QZOVmMj8fpbwRWxh9TqtjRAmIDXngTebHhuOSIrwDANlgFh5BViBmZwkFoOf5rIjAJgQ=="
    }
  }
}
